<?xml version="1.0" encoding="utf-8"?>
<Project ToolsVersion="4.0" xmlns="http://schemas.microsoft.com/developer/msbuild/2003">
  <ItemGroup>
    <FxCompile Include="project\gamedata\resources\shaders\BoxFilter.PS.hlsl" />
    <FxCompile Include="project\gamedata\resources\shaders\CopyImage.PS.hlsl" />
    <FxCompile Include="project\gamedata\resources\shaders\CopyImage.VS.hlsl" />
    <FxCompile Include="project\gamedata\resources\shaders\DepthBasedOutline.PS.hlsl" />
    <FxCompile Include="project\gamedata\resources\shaders\Grayscale.PS.hlsl" />
    <FxCompile Include="project\gamedata\resources\shaders\HSV.PS.hlsl" />
    <FxCompile Include="project\gamedata\resources\shaders\LensDistortion.PS.hlsl" />
    <FxCompile Include="project\gamedata\resources\shaders\MaskTexture.PS.hlsl" />
    <FxCompile Include="project\gamedata\resources\shaders\Object2d.PS.hlsl" />
    <FxCompile Include="project\gamedata\resources\shaders\Object2d.VS.hlsl" />
    <FxCompile Include="project\gamedata\resources\shaders\Object3d.PS.hlsl" />
    <FxCompile Include="project\gamedata\resources\shaders\Object3d.VS.hlsl" />
    <FxCompile Include="project\gamedata\resources\shaders\Particle.PS.hlsl" />
    <FxCompile Include="project\gamedata\resources\shaders\Particle.VS.hlsl" />
    <FxCompile Include="project\gamedata\resources\shaders\Particle\Draw\Particle_DebugDraw.PS.hlsl" />
    <FxCompile Include="project\gamedata\resources\shaders\Particle\Draw\Particle_DebugDraw.VS.hlsl" />
    <FxCompile Include="project\gamedata\resources\shaders\Particle\Emitter\Particle_TypeBox.CS.hlsl" />
    <FxCompile Include="project\gamedata\resources\shaders\Particle\Emitter\Particle_TypeCircleGoal.CS.hlsl" />
    <FxCompile Include="project\gamedata\resources\shaders\Particle\Emitter\Particle_TypeShpere.CS.hlsl" />
    <FxCompile Include="project\gamedata\resources\shaders\Particle\Field\Particle_Field_TypeBox_Suction.CS.hlsl" />
    <FxCompile Include="project\gamedata\resources\shaders\Particle\Particle_Init.CS.hlsl" />
    <FxCompile Include="project\gamedata\resources\shaders\Particle\Update\Particle_Update.CS.hlsl" />
    <FxCompile Include="project\gamedata\resources\shaders\RadialBlur.PS.hlsl" />
    <FxCompile Include="project\gamedata\resources\shaders\Random.PS.hlsl" />
    <FxCompile Include="project\gamedata\resources\shaders\Scanlines.PS.hlsl" />
    <FxCompile Include="project\gamedata\resources\shaders\SkinningObject3d.PS.hlsl" />
    <FxCompile Include="project\gamedata\resources\shaders\SkinningObject3d.VS.hlsl" />
    <FxCompile Include="project\gamedata\resources\shaders\SkyBox.PS.hlsl" />
    <FxCompile Include="project\gamedata\resources\shaders\SkyBox.VS.hlsl" />
    <FxCompile Include="project\gamedata\resources\shaders\VAT.PS.hlsl" />
    <FxCompile Include="project\gamedata\resources\shaders\VAT.VS.hlsl" />
    <FxCompile Include="project\gamedata\resources\shaders\Vignette.PS.hlsl" />
  </ItemGroup>
  <ItemGroup>
    <ClCompile Include="base\components\2d\CreateParticle.cpp" />
    <ClCompile Include="base\components\3d\CreateLine.cpp" />
    <ClCompile Include="base\components\3d\CreateSkyBox.cpp" />
    <ClCompile Include="base\components\3d\ViewProjection.cpp" />
    <ClCompile Include="base\components\3d\WorldTransform.cpp" />
    <ClCompile Include="base\components\audio\Audio.cpp" />
    <ClCompile Include="base\components\CreateResource\CreateResource.cpp" />
    <ClCompile Include="base\components\manager\ImGuiManager\ImGuiManager.cpp" />
    <ClCompile Include="base\components\manager\PSOManager\PSOManager.cpp" />
    <ClCompile Include="base\components\manager\RTVManager\RTVManager.cpp" />
    <ClCompile Include="base\components\manager\SRVManager\SRVManager.cpp" />
    <ClCompile Include="base\components\manager\TextureManager\TextureManager.cpp" />
    <ClCompile Include="base\components\Particle\Emitter\ParticleEmitter.cpp" />
    <ClCompile Include="base\components\Particle\GpuParticle.cpp" />
    <ClCompile Include="base\components\pipelineState\Gaussian\Gaussian.cpp" />
    <ClCompile Include="base\components\pipelineState\GpuParticle\ParticleAddDraw.cpp" />
    <ClCompile Include="base\components\pipelineState\GpuParticle\ParticleEmit.cpp" />
    <ClCompile Include="base\components\pipelineState\GpuParticle\ParticleInit.cpp" />
    <ClCompile Include="base\components\pipelineState\GpuParticle\ParticleUpdate.cpp" />
    <ClCompile Include="base\components\pipelineState\Grayscale\Grayscale.cpp" />
    <ClCompile Include="base\components\pipelineState\HSV\HSV.cpp" />
    <ClCompile Include="base\components\pipelineState\LensDistortion\LensDistortion.cpp" />
    <ClCompile Include="base\components\pipelineState\MaskTexture\MaskTexture.cpp" />
    <ClCompile Include="base\components\pipelineState\Outline\Outline.cpp" />
    <ClCompile Include="base\components\pipelineState\Particle\Particle.cpp" />
    <ClCompile Include="base\components\pipelineState\PostProcess\PostProcess.cpp" />
    <ClCompile Include="base\components\pipelineState\RadialBlur\RadialBlur.cpp" />
    <ClCompile Include="base\components\pipelineState\Random\Random.cpp" />
    <ClCompile Include="base\components\pipelineState\Scanlines\Scanlines.cpp" />
    <ClCompile Include="base\components\pipelineState\Skinning\Skinning.cpp" />
    <ClCompile Include="base\components\pipelineState\SkyBox\SkyBox.cpp" />
    <ClCompile Include="base\components\pipelineState\Smoothing\Smoothing.cpp" />
    <ClCompile Include="base\components\pipelineState\VAT\VAT.cpp" />
    <ClCompile Include="base\components\pipelineState\Standard2D\Standard2D.cpp" />
    <ClCompile Include="base\components\pipelineState\Standard3D\Standard3D.cpp" />
    <ClCompile Include="base\components\pipelineState\Vignette\Vignette.cpp" />
    <ClCompile Include="base\components\postEffect\PostEffect.cpp" />
    <ClCompile Include="base\components\renderer\Renderer.cpp" />
    <ClCompile Include="base\components\RuntimeCounter\RunTimeCounter.cpp" />
    <ClCompile Include="base\components\shaderCompiler\ShaderCompiler.cpp" />
    <ClCompile Include="base\components\utilities\convertString\ConvertString.cpp" />
    <ClCompile Include="base\components\utilities\directionalLight\DirectionalLight.cpp" />
    <ClCompile Include="base\components\utilities\editors\Editors.cpp" />
    <ClCompile Include="base\components\utilities\followCamera\FollowCamera.cpp" />
    <ClCompile Include="base\components\utilities\levelDataLoader\LevelDataLoader.cpp" />
    <ClCompile Include="base\components\utilities\pointLight\PointLight.cpp" />
    <ClCompile Include="base\DirectXCommon.cpp" />
    <ClCompile Include="base\components\2d\CreateTriangle.cpp" />
    <ClCompile Include="base\components\3d\CreateSphere.cpp" />
    <ClCompile Include="base\components\2d\CreateSprite.cpp" />
    <ClCompile Include="base\components\3d\Model.cpp" />
    <ClCompile Include="base\components\debugCamera\DebugCamera.cpp" />
    <ClCompile Include="externals\imgui\imgui.cpp" />
    <ClCompile Include="externals\imgui\ImGuizmo.cpp" />
    <ClCompile Include="externals\imgui\imgui_demo.cpp" />
    <ClCompile Include="externals\imgui\imgui_draw.cpp" />
    <ClCompile Include="externals\imgui\imgui_impl_dx12.cpp" />
    <ClCompile Include="externals\imgui\imgui_impl_win32.cpp" />
    <ClCompile Include="externals\imgui\imgui_tables.cpp" />
    <ClCompile Include="externals\imgui\imgui_widgets.cpp" />
    <ClCompile Include="base\components\input\Input.cpp" />
    <ClCompile Include="main.cpp" />
    <ClCompile Include="base\components\math\MathCalculation.cpp" />
    <ClCompile Include="base\CJEngine.cpp" />
    <ClCompile Include="base\WinApp.cpp" />
    <ClCompile Include="project\gamedata\datas\datas.cpp" />
    <ClCompile Include="project\gamedata\player\Player.cpp" />
    <ClCompile Include="project\gamedata\scenes\GameClearScene.cpp" />
    <ClCompile Include="project\gamedata\scenes\GameDemoScene.cpp" />
    <ClCompile Include="project\gamedata\scenes\GamePlayScene.cpp" />
    <ClCompile Include="project\gamedata\scenes\GameSelectScene.cpp" />
    <ClCompile Include="project\gamedata\scenes\GameTitleScene.cpp" />
    <ClCompile Include="base\components\manager\SceneManager\SceneManager.cpp" />
    <ClCompile Include="base\components\utilities\collisionManager\CollisionManager.cpp" />
    <ClCompile Include="base\components\utilities\globalVariables\GlobalVariables.cpp" />
    <ClCompile Include="project\gamedata\Particles\walkParticle\walkParticle.cpp" />
    <ClCompile Include="project\gamedata\Particles\SetBlockParticle\SetBlockParticle.cpp" />
    <ClCompile Include="project\gamedata\Particles\HitBlockParticle\HitBlockParticle.cpp" />
  </ItemGroup>
  <ItemGroup>
    <ClInclude Include="base\components\2d\CreateParticle.h" />
    <ClInclude Include="base\components\3d\CreateLine.h" />
    <ClInclude Include="base\components\3d\CreateSkyBox.h" />
    <ClInclude Include="base\components\3d\ViewProjection.h" />
    <ClInclude Include="base\components\3d\WorldTransform.h" />
    <ClInclude Include="base\components\audio\Audio.h" />
    <ClInclude Include="base\components\CreateResource\BufferResources.h" />
    <ClInclude Include="base\components\CreateResource\CreateResource.h" />
    <ClInclude Include="base\components\CreateResource\IBufferResource.h" />
    <ClInclude Include="base\components\manager\ImGuiManager\ImGuiManager.h" />
    <ClInclude Include="base\components\manager\PSOManager\PSOManager.h" />
    <ClInclude Include="base\components\manager\RTVManager\RTVManager.h" />
    <ClInclude Include="base\components\manager\SRVManager\SRVManager.h" />
    <ClInclude Include="base\components\manager\TextureManager\TextureManager.h" />
    <ClInclude Include="base\components\Particle\Emitter\ParticleEmitter.h" />
    <ClInclude Include="base\components\Particle\Emitter\StructGpuParticleEmitter.h" />
    <ClInclude Include="base\components\Particle\Field\ParticleField.h" />
    <ClInclude Include="base\components\Particle\Field\StructParticleField.h" />
    <ClInclude Include="base\components\Particle\GpuParticle.h" />
    <ClInclude Include="base\components\pipelineState\Gaussian\Gaussian.h" />
    <ClInclude Include="base\components\pipelineState\GpuParticle\ParticleAddDraw.h" />
    <ClInclude Include="base\components\pipelineState\GpuParticle\ParticleEmit.h" />
    <ClInclude Include="base\components\pipelineState\GpuParticle\ParticleInit.h" />
    <ClInclude Include="base\components\pipelineState\GpuParticle\ParticleUpdate.h" />
    <ClInclude Include="base\components\pipelineState\Grayscale\Grayscale.h" />
    <ClInclude Include="base\components\math\Structure.h" />
    <ClInclude Include="base\components\pipelineState\HSV\HSV.h" />
    <ClInclude Include="base\components\pipelineState\IPipeLineStateObject.h" />
    <ClInclude Include="base\components\pipelineState\LensDistortion\LensDistortion.h" />
    <ClInclude Include="base\components\pipelineState\MaskTexture\MaskTexture.h" />
    <ClInclude Include="base\components\pipelineState\Outline\Outline.h" />
    <ClInclude Include="base\components\pipelineState\Particle\Particle.h" />
    <ClInclude Include="base\components\pipelineState\PipeLineList.h" />
    <ClInclude Include="base\components\pipelineState\PostProcess\PostProcess.h" />
    <ClInclude Include="base\components\pipelineState\RadialBlur\RadialBlur.h" />
    <ClInclude Include="base\components\pipelineState\Random\Random.h" />
    <ClInclude Include="base\components\pipelineState\Scanlines\Scanlines.h" />
    <ClInclude Include="base\components\pipelineState\Skinning\Skinning.h" />
    <ClInclude Include="base\components\pipelineState\SkyBox\SkyBox.h" />
    <ClInclude Include="base\components\pipelineState\Smoothing\Smoothing.h" />
    <ClInclude Include="base\components\pipelineState\VAT\VAT.h" />
    <ClInclude Include="base\components\pipelineState\Standard2D\Standard2D.h" />
    <ClInclude Include="base\components\pipelineState\Standard3D\Standard3D.h" />
    <ClInclude Include="base\components\pipelineState\Vignette\Vignette.h" />
    <ClInclude Include="base\components\postEffect\PostEffect.h" />
    <ClInclude Include="base\components\renderer\Renderer.h" />
    <ClInclude Include="base\components\RuntimeCounter\RunTimeCounter.h" />
    <ClInclude Include="base\components\shaderCompiler\ShaderCompiler.h" />
    <ClInclude Include="base\components\utilities\convertString\ConvertString.h" />
    <ClInclude Include="base\components\utilities\directionalLight\DirectionalLight.h" />
    <ClInclude Include="base\components\utilities\editors\Editors.h" />
    <ClInclude Include="base\components\utilities\followCamera\FollowCamera.h" />
    <ClInclude Include="base\components\utilities\levelDataLoader\LevelData.h" />
    <ClInclude Include="base\components\utilities\levelDataLoader\LevelDataLoader.h" />
    <ClInclude Include="base\components\utilities\pointLight\PointLight.h" />
    <ClInclude Include="base\DirectXCommon.h" />
    <ClInclude Include="base\components\2d\CreateTriangle.h" />
    <ClInclude Include="base\components\3d\CreateSphere.h" />
    <ClInclude Include="base\components\2d\CreateSprite.h" />
    <ClInclude Include="base\components\3d\Model.h" />
    <ClInclude Include="base\components\debugCamera\DebugCamera.h" />
    <ClInclude Include="externals\imgui\imconfig.h" />
    <ClInclude Include="externals\imgui\imgui.h" />
    <ClInclude Include="externals\imgui\ImGuizmo.h" />
    <ClInclude Include="externals\imgui\imgui_impl_dx12.h" />
    <ClInclude Include="externals\imgui\imgui_impl_win32.h" />
    <ClInclude Include="externals\imgui\imgui_internal.h" />
    <ClInclude Include="externals\imgui\imstb_rectpack.h" />
    <ClInclude Include="externals\imgui\imstb_textedit.h" />
    <ClInclude Include="externals\imgui\imstb_truetype.h" />
    <ClInclude Include="base\components\input\Input.h" />
    <ClInclude Include="base\components\math\Matrix.h" />
    <ClInclude Include="base\components\math\MathCalculation.h" />
    <ClInclude Include="base\CJEngine.h" />
    <ClInclude Include="base\components\math\Vector.h" />
    <ClInclude Include="base\WinApp.h" />
    <ClInclude Include="project\gamedata\datas\datas.h" />
    <ClInclude Include="project\gamedata\player\Player.h" />
    <ClInclude Include="project\gamedata\scenes\GameClearScene.h" />
    <ClInclude Include="project\gamedata\scenes\GameDemoScene.h" />
    <ClInclude Include="project\gamedata\scenes\GamePlayScene.h" />
    <ClInclude Include="project\gamedata\scenes\GameSelectScene.h" />
    <ClInclude Include="project\gamedata\scenes\GameTitleScene.h" />
    <ClInclude Include="base\components\manager\SceneManager\Iscene.h" />
    <ClInclude Include="base\components\manager\SceneManager\SceneManager.h" />
    <ClInclude Include="base\components\utilities\collisionManager\Collider.h" />
    <ClInclude Include="base\components\utilities\collisionManager\CollisionConfig.h" />
    <ClInclude Include="base\components\utilities\collisionManager\CollisionManager.h" />
    <ClInclude Include="base\components\utilities\globalVariables\GlobalVariables.h" />
    <ClInclude Include="project\gamedata\resources\resource.h" />
    <ClInclude Include="project\gamedata\Particles\walkParticle\walkParticle.h" />
    <ClInclude Include="project\gamedata\Particles\SetBlockParticle\SetBlockParticle.h" />
    <ClInclude Include="project\gamedata\Particles\HitBlockParticle\HitBlockParticle.h" />
  </ItemGroup>
  <ItemGroup>
    <ResourceCompile Include="CitrusJunosEngine.rc" />
  </ItemGroup>
  <ItemGroup>
    <Image Include="project\gamedata\resources\CitrusJunosEngine.ico" />
  </ItemGroup>
  <ItemGroup>
    <None Include="project\gamedata\resources\shaders\CopyImage.hlsli" />
    <None Include="project\gamedata\resources\shaders\Object2d.hlsli" />
    <None Include="project\gamedata\resources\shaders\Object3d.hlsli" />
    <None Include="project\gamedata\resources\shaders\Particle.hlsli" />
    <None Include="project\gamedata\resources\shaders\Particle\MatrixFanc.hlsli" />
    <None Include="project\gamedata\resources\shaders\Particle\Particle.hlsli" />
    <None Include="project\gamedata\resources\shaders\Particle\RandomGenerator.hlsli" />
    <None Include="project\gamedata\resources\shaders\SkinningObject3d.hlsli" />
    <None Include="project\gamedata\resources\shaders\SkyBox.hlsli" />
    <None Include="project\gamedata\resources\shaders\VAT.hlsli" />
  </ItemGroup>
  <ItemGroup>
    <Text Include="externals\imgui\LICENSE.txt" />
  </ItemGroup>
</Project>